
Microsoft Visual Studio Solution File, Format Version 12.00
Project("{FAE04EC0-301F-11D3-BF4B-00C04F79EFBC}") = "arrays-and-strings", "arrays-and-strings.csproj", "{5CCBC745-1821-432B-B0E7-895A6B8A8400}"
EndProject
Project("{FAE04EC0-301F-11D3-BF4B-00C04F79EFBC}") = "TestProject1", "..\TestProject1\TestProject1.csproj", "{F915FE27-5F71-4A21-A8F0-54FA3D28A2E3}"
EndProject
Global
	GlobalSection(SolutionConfigurationPlatforms) = preSolution
		Debug|Any CPU = Debug|Any CPU
		Release|Any CPU = Release|Any CPU
	EndGlobalSection
	GlobalSection(ProjectConfigurationPlatforms) = postSolution
		{5CCBC745-1821-432B-B0E7-895A6B8A8400}.Debug|Any CPU.ActiveCfg = Debug|Any CPU
		{5CCBC745-1821-432B-B0E7-895A6B8A8400}.Debug|Any CPU.Build.0 = Debug|Any CPU
		{5CCBC745-1821-432B-B0E7-895A6B8A8400}.Release|Any CPU.ActiveCfg = Release|Any CPU
		{5CCBC745-1821-432B-B0E7-895A6B8A8400}.Release|Any CPU.Build.0 = Release|Any CPU
		{F915FE27-5F71-4A21-A8F0-54FA3D28A2E3}.Debug|Any CPU.ActiveCfg = Debug|Any CPU
		{F915FE27-5F71-4A21-A8F0-54FA3D28A2E3}.Debug|Any CPU.Build.0 = Debug|Any CPU
		{F915FE27-5F71-4A21-A8F0-54FA3D28A2E3}.Release|Any CPU.ActiveCfg = Release|Any CPU
		{F915FE27-5F71-4A21-A8F0-54FA3D28A2E3}.Release|Any CPU.Build.0 = Release|Any CPU
	EndGlobalSection
EndGlobal
